
Microsoft Visual Studio Solution File, Format Version 12.00
# Visual Studio 15
VisualStudioVersion = 15.0.27428.2002
MinimumVisualStudioVersion = 10.0.40219.1
Project("{FAE04EC0-301F-11D3-BF4B-00C04F79EFBC}") = "WinExt", "WinExt\WinExt.csproj", "{983704C0-45E0-492B-9C08-AB88FD659CF0}"
EndProject
Project("{FAE04EC0-301F-11D3-BF4B-00C04F79EFBC}") = "WinExtBase", "WinExtBase\WinExtBase.csproj", "{46178CB9-DA5C-4666-A96F-88758ECE6218}"
EndProject
Global
	GlobalSection(SolutionConfigurationPlatforms) = preSolution
		Debug|Any CPU = Debug|Any CPU
		Release|Any CPU = Release|Any CPU
	EndGlobalSection
	GlobalSection(ProjectConfigurationPlatforms) = postSolution
		{983704C0-45E0-492B-9C08-AB88FD659CF0}.Debug|Any CPU.ActiveCfg = Debug|Any CPU
		{983704C0-45E0-492B-9C08-AB88FD659CF0}.Debug|Any CPU.Build.0 = Debug|Any CPU
		{983704C0-45E0-492B-9C08-AB88FD659CF0}.Release|Any CPU.ActiveCfg = Release|Any CPU
		{983704C0-45E0-492B-9C08-AB88FD659CF0}.Release|Any CPU.Build.0 = Release|Any CPU
		{46178CB9-DA5C-4666-A96F-88758ECE6218}.Debug|Any CPU.ActiveCfg = Debug|Any CPU
		{46178CB9-DA5C-4666-A96F-88758ECE6218}.Debug|Any CPU.Build.0 = Debug|Any CPU
		{46178CB9-DA5C-4666-A96F-88758ECE6218}.Release|Any CPU.ActiveCfg = Release|Any CPU
		{46178CB9-DA5C-4666-A96F-88758ECE6218}.Release|Any CPU.Build.0 = Release|Any CPU
	EndGlobalSection
	GlobalSection(SolutionProperties) = preSolution
		HideSolutionNode = FALSE
	EndGlobalSection
	GlobalSection(ExtensibilityGlobals) = postSolution
		SolutionGuid = {8F4EACB7-69E8-4059-9D34-43CEBDF4DD93}
	EndGlobalSection
EndGlobal
